
Microsoft Visual Studio Solution File, Format Version 12.00
# Visual Studio 15
VisualStudioVersion = 15.0.26430.16
MinimumVisualStudioVersion = 10.0.40219.1
Project("{8BC9CEB8-8B4A-11D0-8D11-00A0C91BC942}") = "ScanClient", "ScanClient\ScanClient.vcxproj", "{F56C3FB4-454D-463C-9408-FBC0B6F87606}"
	ProjectSection(ProjectDependencies) = postProject
		{1317AE6F-54DD-4AE0-8249-029FF178DD67} = {1317AE6F-54DD-4AE0-8249-029FF178DD67}
	EndProjectSection
EndProject
Project("{8BC9CEB8-8B4A-11D0-8D11-00A0C91BC942}") = "Logger", "Logger\Logger.vcxproj", "{BBC4F8AF-167D-4278-A3E6-9596FEA32528}"
EndProject
Project("{8BC9CEB8-8B4A-11D0-8D11-00A0C91BC942}") = "scanlib", "scanlib\scanlib.vcxproj", "{5FECFED8-F052-4E03-9EDF-3D520D8C7CE8}"
EndProject
Project("{8BC9CEB8-8B4A-11D0-8D11-00A0C91BC942}") = "ScanSrv", "ScanSrv\ScanSrv.vcxproj", "{1317AE6F-54DD-4AE0-8249-029FF178DD67}"
EndProject
Global
	GlobalSection(SolutionConfigurationPlatforms) = preSolution
		Debug|x64 = Debug|x64
		Debug|x86 = Debug|x86
		Release|x64 = Release|x64
		Release|x86 = Release|x86
	EndGlobalSection
	GlobalSection(ProjectConfigurationPlatforms) = postSolution
		{F56C3FB4-454D-463C-9408-FBC0B6F87606}.Debug|x64.ActiveCfg = Debug|x64
		{F56C3FB4-454D-463C-9408-FBC0B6F87606}.Debug|x64.Build.0 = Debug|x64
		{F56C3FB4-454D-463C-9408-FBC0B6F87606}.Debug|x86.ActiveCfg = Debug|Win32
		{F56C3FB4-454D-463C-9408-FBC0B6F87606}.Debug|x86.Build.0 = Debug|Win32
		{F56C3FB4-454D-463C-9408-FBC0B6F87606}.Release|x64.ActiveCfg = Release|x64
		{F56C3FB4-454D-463C-9408-FBC0B6F87606}.Release|x64.Build.0 = Release|x64
		{F56C3FB4-454D-463C-9408-FBC0B6F87606}.Release|x86.ActiveCfg = Release|Win32
		{F56C3FB4-454D-463C-9408-FBC0B6F87606}.Release|x86.Build.0 = Release|Win32
		{BBC4F8AF-167D-4278-A3E6-9596FEA32528}.Debug|x64.ActiveCfg = Debug|x64
		{BBC4F8AF-167D-4278-A3E6-9596FEA32528}.Debug|x64.Build.0 = Debug|x64
		{BBC4F8AF-167D-4278-A3E6-9596FEA32528}.Debug|x86.ActiveCfg = Debug|Win32
		{BBC4F8AF-167D-4278-A3E6-9596FEA32528}.Debug|x86.Build.0 = Debug|Win32
		{BBC4F8AF-167D-4278-A3E6-9596FEA32528}.Release|x64.ActiveCfg = Release|x64
		{BBC4F8AF-167D-4278-A3E6-9596FEA32528}.Release|x64.Build.0 = Release|x64
		{BBC4F8AF-167D-4278-A3E6-9596FEA32528}.Release|x86.ActiveCfg = Release|Win32
		{BBC4F8AF-167D-4278-A3E6-9596FEA32528}.Release|x86.Build.0 = Release|Win32
		{5FECFED8-F052-4E03-9EDF-3D520D8C7CE8}.Debug|x64.ActiveCfg = Debug|x64
		{5FECFED8-F052-4E03-9EDF-3D520D8C7CE8}.Debug|x64.Build.0 = Debug|x64
		{5FECFED8-F052-4E03-9EDF-3D520D8C7CE8}.Debug|x86.ActiveCfg = Debug|Win32
		{5FECFED8-F052-4E03-9EDF-3D520D8C7CE8}.Debug|x86.Build.0 = Debug|Win32
		{5FECFED8-F052-4E03-9EDF-3D520D8C7CE8}.Release|x64.ActiveCfg = Release|x64
		{5FECFED8-F052-4E03-9EDF-3D520D8C7CE8}.Release|x64.Build.0 = Release|x64
		{5FECFED8-F052-4E03-9EDF-3D520D8C7CE8}.Release|x86.ActiveCfg = Release|Win32
		{5FECFED8-F052-4E03-9EDF-3D520D8C7CE8}.Release|x86.Build.0 = Release|Win32
		{1317AE6F-54DD-4AE0-8249-029FF178DD67}.Debug|x64.ActiveCfg = Debug|x64
		{1317AE6F-54DD-4AE0-8249-029FF178DD67}.Debug|x64.Build.0 = Debug|x64
		{1317AE6F-54DD-4AE0-8249-029FF178DD67}.Debug|x86.ActiveCfg = Debug|Win32
		{1317AE6F-54DD-4AE0-8249-029FF178DD67}.Debug|x86.Build.0 = Debug|Win32
		{1317AE6F-54DD-4AE0-8249-029FF178DD67}.Release|x64.ActiveCfg = Release|x64
		{1317AE6F-54DD-4AE0-8249-029FF178DD67}.Release|x64.Build.0 = Release|x64
		{1317AE6F-54DD-4AE0-8249-029FF178DD67}.Release|x86.ActiveCfg = Release|Win32
		{1317AE6F-54DD-4AE0-8249-029FF178DD67}.Release|x86.Build.0 = Release|Win32
	EndGlobalSection
	GlobalSection(SolutionProperties) = preSolution
		HideSolutionNode = FALSE
	EndGlobalSection
EndGlobal
